
Microsoft Visual Studio Solution File, Format Version 12.00
# Visual Studio 15
VisualStudioVersion = 15.0.28307.1169
MinimumVisualStudioVersion = 10.0.40219.1
Project("{159641D6-6404-4A2A-AE62-294DE0FE8301}") = "NewProjectbysunday", "NewProjectbysunday\NewProjectbysunday.dtproj", "{EB7A7F9F-CA37-41B3-8ED4-791C8D5E2EE5}"
EndProject
Global
	GlobalSection(SolutionConfigurationPlatforms) = preSolution
		Development|Default = Development|Default
	EndGlobalSection
	GlobalSection(ProjectConfigurationPlatforms) = postSolution
		{EB7A7F9F-CA37-41B3-8ED4-791C8D5E2EE5}.Development|Default.ActiveCfg = Development
		{EB7A7F9F-CA37-41B3-8ED4-791C8D5E2EE5}.Development|Default.Build.0 = Development
	EndGlobalSection
	GlobalSection(SolutionProperties) = preSolution
		HideSolutionNode = FALSE
	EndGlobalSection
	GlobalSection(ExtensibilityGlobals) = postSolution
		SolutionGuid = {0263A445-5582-43BA-A36E-5464AB264A59}
	EndGlobalSection
EndGlobal
