
Microsoft Visual Studio Solution File, Format Version 12.00
# Visual Studio 15
VisualStudioVersion = 15.0.28307.1169
MinimumVisualStudioVersion = 10.0.40219.1
Project("{159641D6-6404-4A2A-AE62-294DE0FE8301}") = "WorldFoodProduction", "WorldFoodProduction\WorldFoodProduction.dtproj", "{F972A2E8-F2BC-438E-9B79-C27E14D9FDBF}"
EndProject
Global
	GlobalSection(SolutionConfigurationPlatforms) = preSolution
		Development|Default = Development|Default
	EndGlobalSection
	GlobalSection(ProjectConfigurationPlatforms) = postSolution
		{F972A2E8-F2BC-438E-9B79-C27E14D9FDBF}.Development|Default.ActiveCfg = Development
		{F972A2E8-F2BC-438E-9B79-C27E14D9FDBF}.Development|Default.Build.0 = Development
	EndGlobalSection
	GlobalSection(SolutionProperties) = preSolution
		HideSolutionNode = FALSE
	EndGlobalSection
	GlobalSection(ExtensibilityGlobals) = postSolution
		SolutionGuid = {1E12A928-3E34-4000-9281-D281A8849980}
	EndGlobalSection
EndGlobal
