
Microsoft Visual Studio Solution File, Format Version 12.00
# Visual Studio 15
VisualStudioVersion = 15.0.28307.1169
MinimumVisualStudioVersion = 10.0.40219.1
Project("{159641D6-6404-4A2A-AE62-294DE0FE8301}") = "projfeb2", "projfeb2\projfeb2.dtproj", "{DED122F8-3B56-42C9-82A6-286A798387C2}"
EndProject
Global
	GlobalSection(SolutionConfigurationPlatforms) = preSolution
		Development|Default = Development|Default
	EndGlobalSection
	GlobalSection(ProjectConfigurationPlatforms) = postSolution
		{DED122F8-3B56-42C9-82A6-286A798387C2}.Development|Default.ActiveCfg = Development
		{DED122F8-3B56-42C9-82A6-286A798387C2}.Development|Default.Build.0 = Development
	EndGlobalSection
	GlobalSection(SolutionProperties) = preSolution
		HideSolutionNode = FALSE
	EndGlobalSection
	GlobalSection(ExtensibilityGlobals) = postSolution
		SolutionGuid = {345D1FE7-6985-4B77-A442-089903287259}
	EndGlobalSection
EndGlobal
