
Microsoft Visual Studio Solution File, Format Version 12.00
# Visual Studio 15
VisualStudioVersion = 15.0.28307.1169
MinimumVisualStudioVersion = 10.0.40219.1
Project("{F14B399A-7131-4C87-9E4B-1186C45EF12D}") = "Report Project7", "Report Project7\Report Project7.rptproj", "{B2DF6790-B075-4D59-9950-B42905D47B96}"
EndProject
Global
	GlobalSection(SolutionConfigurationPlatforms) = preSolution
		Debug|Default = Debug|Default
		DebugLocal|Default = DebugLocal|Default
		Release|Default = Release|Default
	EndGlobalSection
	GlobalSection(ProjectConfigurationPlatforms) = postSolution
		{B2DF6790-B075-4D59-9950-B42905D47B96}.Debug|Default.ActiveCfg = Debug
		{B2DF6790-B075-4D59-9950-B42905D47B96}.Debug|Default.Build.0 = Debug
		{B2DF6790-B075-4D59-9950-B42905D47B96}.Debug|Default.Deploy.0 = Debug
		{B2DF6790-B075-4D59-9950-B42905D47B96}.DebugLocal|Default.ActiveCfg = DebugLocal
		{B2DF6790-B075-4D59-9950-B42905D47B96}.DebugLocal|Default.Build.0 = DebugLocal
		{B2DF6790-B075-4D59-9950-B42905D47B96}.Release|Default.ActiveCfg = Release
		{B2DF6790-B075-4D59-9950-B42905D47B96}.Release|Default.Build.0 = Release
		{B2DF6790-B075-4D59-9950-B42905D47B96}.Release|Default.Deploy.0 = Release
	EndGlobalSection
	GlobalSection(SolutionProperties) = preSolution
		HideSolutionNode = FALSE
	EndGlobalSection
	GlobalSection(ExtensibilityGlobals) = postSolution
		SolutionGuid = {16BC17AD-5304-4E22-8B42-F9152F432E9D}
	EndGlobalSection
EndGlobal
