
Microsoft Visual Studio Solution File, Format Version 12.00
# Visual Studio 15
VisualStudioVersion = 15.0.28307.1169
MinimumVisualStudioVersion = 10.0.40219.1
Project("{159641D6-6404-4A2A-AE62-294DE0FE8301}") = "SSISLOOP", "SSISLOOP\SSISLOOP.dtproj", "{62A3C3D4-B07E-4EC5-986F-F1C0D8544933}"
EndProject
Global
	GlobalSection(SolutionConfigurationPlatforms) = preSolution
		Development|Default = Development|Default
	EndGlobalSection
	GlobalSection(ProjectConfigurationPlatforms) = postSolution
		{62A3C3D4-B07E-4EC5-986F-F1C0D8544933}.Development|Default.ActiveCfg = Development
		{62A3C3D4-B07E-4EC5-986F-F1C0D8544933}.Development|Default.Build.0 = Development
	EndGlobalSection
	GlobalSection(SolutionProperties) = preSolution
		HideSolutionNode = FALSE
	EndGlobalSection
	GlobalSection(ExtensibilityGlobals) = postSolution
		SolutionGuid = {F63766B8-5BB2-4B80-93DB-5A3FE0F6185A}
	EndGlobalSection
EndGlobal
