
Microsoft Visual Studio Solution File, Format Version 12.00
# Visual Studio 15
VisualStudioVersion = 15.0.28307.1169
MinimumVisualStudioVersion = 10.0.40219.1
Project("{F14B399A-7131-4C87-9E4B-1186C45EF12D}") = "Report Project5", "Report Project5\Report Project5.rptproj", "{D8BAA09E-3A0D-40C5-B258-80FFC08C06BF}"
EndProject
Global
	GlobalSection(SolutionConfigurationPlatforms) = preSolution
		Debug|Default = Debug|Default
		DebugLocal|Default = DebugLocal|Default
		Release|Default = Release|Default
	EndGlobalSection
	GlobalSection(ProjectConfigurationPlatforms) = postSolution
		{D8BAA09E-3A0D-40C5-B258-80FFC08C06BF}.Debug|Default.ActiveCfg = Debug
		{D8BAA09E-3A0D-40C5-B258-80FFC08C06BF}.Debug|Default.Build.0 = Debug
		{D8BAA09E-3A0D-40C5-B258-80FFC08C06BF}.Debug|Default.Deploy.0 = Debug
		{D8BAA09E-3A0D-40C5-B258-80FFC08C06BF}.DebugLocal|Default.ActiveCfg = DebugLocal
		{D8BAA09E-3A0D-40C5-B258-80FFC08C06BF}.DebugLocal|Default.Build.0 = DebugLocal
		{D8BAA09E-3A0D-40C5-B258-80FFC08C06BF}.Release|Default.ActiveCfg = Release
		{D8BAA09E-3A0D-40C5-B258-80FFC08C06BF}.Release|Default.Build.0 = Release
		{D8BAA09E-3A0D-40C5-B258-80FFC08C06BF}.Release|Default.Deploy.0 = Release
	EndGlobalSection
	GlobalSection(SolutionProperties) = preSolution
		HideSolutionNode = FALSE
	EndGlobalSection
	GlobalSection(ExtensibilityGlobals) = postSolution
		SolutionGuid = {FACC5BB4-424A-4C91-B2FA-795B7664E28D}
	EndGlobalSection
EndGlobal
