
Microsoft Visual Studio Solution File, Format Version 12.00
# Visual Studio 15
VisualStudioVersion = 15.0.28307.1169
MinimumVisualStudioVersion = 10.0.40219.1
Project("{F14B399A-7131-4C87-9E4B-1186C45EF12D}") = "Report Project3", "Report Project3\Report Project3.rptproj", "{5D2F5A75-9C9D-498E-A29F-84369C312A1D}"
EndProject
Global
	GlobalSection(SolutionConfigurationPlatforms) = preSolution
		Debug|Default = Debug|Default
		DebugLocal|Default = DebugLocal|Default
		Release|Default = Release|Default
	EndGlobalSection
	GlobalSection(ProjectConfigurationPlatforms) = postSolution
		{5D2F5A75-9C9D-498E-A29F-84369C312A1D}.Debug|Default.ActiveCfg = Debug
		{5D2F5A75-9C9D-498E-A29F-84369C312A1D}.Debug|Default.Build.0 = Debug
		{5D2F5A75-9C9D-498E-A29F-84369C312A1D}.Debug|Default.Deploy.0 = Debug
		{5D2F5A75-9C9D-498E-A29F-84369C312A1D}.DebugLocal|Default.ActiveCfg = DebugLocal
		{5D2F5A75-9C9D-498E-A29F-84369C312A1D}.DebugLocal|Default.Build.0 = DebugLocal
		{5D2F5A75-9C9D-498E-A29F-84369C312A1D}.Release|Default.ActiveCfg = Release
		{5D2F5A75-9C9D-498E-A29F-84369C312A1D}.Release|Default.Build.0 = Release
		{5D2F5A75-9C9D-498E-A29F-84369C312A1D}.Release|Default.Deploy.0 = Release
	EndGlobalSection
	GlobalSection(SolutionProperties) = preSolution
		HideSolutionNode = FALSE
	EndGlobalSection
	GlobalSection(ExtensibilityGlobals) = postSolution
		SolutionGuid = {FCCAB760-D74D-4A31-9619-E2BEFA1C9C8F}
	EndGlobalSection
EndGlobal
