
Microsoft Visual Studio Solution File, Format Version 12.00
# Visual Studio 15
VisualStudioVersion = 15.0.28307.1169
MinimumVisualStudioVersion = 10.0.40219.1
Project("{F14B399A-7131-4C87-9E4B-1186C45EF12D}") = "Report Project8", "Report Project8\Report Project8.rptproj", "{4FE8BAEC-BCF5-45BD-9552-98C15733A5E5}"
EndProject
Global
	GlobalSection(SolutionConfigurationPlatforms) = preSolution
		Debug|Default = Debug|Default
		DebugLocal|Default = DebugLocal|Default
		Release|Default = Release|Default
	EndGlobalSection
	GlobalSection(ProjectConfigurationPlatforms) = postSolution
		{4FE8BAEC-BCF5-45BD-9552-98C15733A5E5}.Debug|Default.ActiveCfg = Debug
		{4FE8BAEC-BCF5-45BD-9552-98C15733A5E5}.Debug|Default.Build.0 = Debug
		{4FE8BAEC-BCF5-45BD-9552-98C15733A5E5}.Debug|Default.Deploy.0 = Debug
		{4FE8BAEC-BCF5-45BD-9552-98C15733A5E5}.DebugLocal|Default.ActiveCfg = DebugLocal
		{4FE8BAEC-BCF5-45BD-9552-98C15733A5E5}.DebugLocal|Default.Build.0 = DebugLocal
		{4FE8BAEC-BCF5-45BD-9552-98C15733A5E5}.Release|Default.ActiveCfg = Release
		{4FE8BAEC-BCF5-45BD-9552-98C15733A5E5}.Release|Default.Build.0 = Release
		{4FE8BAEC-BCF5-45BD-9552-98C15733A5E5}.Release|Default.Deploy.0 = Release
	EndGlobalSection
	GlobalSection(SolutionProperties) = preSolution
		HideSolutionNode = FALSE
	EndGlobalSection
	GlobalSection(ExtensibilityGlobals) = postSolution
		SolutionGuid = {B5372152-612F-4CBF-A0ED-97C54C97EB36}
	EndGlobalSection
EndGlobal
