
Microsoft Visual Studio Solution File, Format Version 12.00
# Visual Studio 15
VisualStudioVersion = 15.0.28307.1169
MinimumVisualStudioVersion = 10.0.40219.1
Project("{F14B399A-7131-4C87-9E4B-1186C45EF12D}") = "Report Project1", "Report Project1\Report Project1.rptproj", "{9A8C4D0B-7DD8-4945-886B-CADC50995C65}"
EndProject
Global
	GlobalSection(SolutionConfigurationPlatforms) = preSolution
		Debug|Default = Debug|Default
		DebugLocal|Default = DebugLocal|Default
		Release|Default = Release|Default
	EndGlobalSection
	GlobalSection(ProjectConfigurationPlatforms) = postSolution
		{9A8C4D0B-7DD8-4945-886B-CADC50995C65}.Debug|Default.ActiveCfg = Debug
		{9A8C4D0B-7DD8-4945-886B-CADC50995C65}.Debug|Default.Build.0 = Debug
		{9A8C4D0B-7DD8-4945-886B-CADC50995C65}.Debug|Default.Deploy.0 = Debug
		{9A8C4D0B-7DD8-4945-886B-CADC50995C65}.DebugLocal|Default.ActiveCfg = DebugLocal
		{9A8C4D0B-7DD8-4945-886B-CADC50995C65}.DebugLocal|Default.Build.0 = DebugLocal
		{9A8C4D0B-7DD8-4945-886B-CADC50995C65}.Release|Default.ActiveCfg = Release
		{9A8C4D0B-7DD8-4945-886B-CADC50995C65}.Release|Default.Build.0 = Release
		{9A8C4D0B-7DD8-4945-886B-CADC50995C65}.Release|Default.Deploy.0 = Release
	EndGlobalSection
	GlobalSection(SolutionProperties) = preSolution
		HideSolutionNode = FALSE
	EndGlobalSection
	GlobalSection(ExtensibilityGlobals) = postSolution
		SolutionGuid = {90E43E65-87E4-4BE2-96D1-E1D0F9DDF451}
	EndGlobalSection
EndGlobal
